
Microsoft Visual Studio Solution File, Format Version 12.00
# Visual Studio 14
VisualStudioVersion = 14.0.23107.0
MinimumVisualStudioVersion = 10.0.40219.1
Project("{FAE04EC0-301F-11D3-BF4B-00C04F79EFBC}") = "LinqExpressionsMapper", "LinqExpressionsMapper\LinqExpressionsMapper.csproj", "{94EE6975-2DB5-4F05-BBB2-ED710B476A93}"
EndProject
Project("{FAE04EC0-301F-11D3-BF4B-00C04F79EFBC}") = "LinqExpressionsMapper.Test", "LinqExpressionsMapper.Test\LinqExpressionsMapper.Test.csproj", "{076E2EC0-D869-46AE-BC8A-3A456C22A5F1}"
EndProject
Global
	GlobalSection(SolutionConfigurationPlatforms) = preSolution
		Debug|Any CPU = Debug|Any CPU
		Release|Any CPU = Release|Any CPU
	EndGlobalSection
	GlobalSection(ProjectConfigurationPlatforms) = postSolution
		{94EE6975-2DB5-4F05-BBB2-ED710B476A93}.Debug|Any CPU.ActiveCfg = Debug|Any CPU
		{94EE6975-2DB5-4F05-BBB2-ED710B476A93}.Debug|Any CPU.Build.0 = Debug|Any CPU
		{94EE6975-2DB5-4F05-BBB2-ED710B476A93}.Release|Any CPU.ActiveCfg = Release|Any CPU
		{94EE6975-2DB5-4F05-BBB2-ED710B476A93}.Release|Any CPU.Build.0 = Release|Any CPU
		{076E2EC0-D869-46AE-BC8A-3A456C22A5F1}.Debug|Any CPU.ActiveCfg = Debug|Any CPU
		{076E2EC0-D869-46AE-BC8A-3A456C22A5F1}.Debug|Any CPU.Build.0 = Debug|Any CPU
		{076E2EC0-D869-46AE-BC8A-3A456C22A5F1}.Release|Any CPU.ActiveCfg = Release|Any CPU
		{076E2EC0-D869-46AE-BC8A-3A456C22A5F1}.Release|Any CPU.Build.0 = Release|Any CPU
	EndGlobalSection
	GlobalSection(SolutionProperties) = preSolution
		HideSolutionNode = FALSE
	EndGlobalSection
EndGlobal
